// !$*UTF8*$!
{
	archiveVersion = 1;
	classes = {
	};
	objectVersion = 55;
	objects = {

/* Begin PBXBuildFile section */
		49A8C25C27AF74740047703D /* AppDelegate.swift in Sources */ = {isa = PBXBuildFile; fileRef = 49A8C25B27AF74740047703D /* AppDelegate.swift */; };
		49A8C25E27AF74740047703D /* SceneDelegate.swift in Sources */ = {isa = PBXBuildFile; fileRef = 49A8C25D27AF74740047703D /* SceneDelegate.swift */; };
		49A8C26027AF74740047703D /* ViewController.swift in Sources */ = {isa = PBXBuildFile; fileRef = 49A8C25F27AF74740047703D /* ViewController.swift */; };
		49A8C26327AF74740047703D /* Main.storyboard in Resources */ = {isa = PBXBuildFile; fileRef = 49A8C26127AF74740047703D /* Main.storyboard */; };
		49A8C26527AF74750047703D /* Assets.xcassets in Resources */ = {isa = PBXBuildFile; fileRef = 49A8C26427AF74750047703D /* Assets.xcassets */; };
		49A8C26827AF74750047703D /* LaunchScreen.storyboard in Resources */ = {isa = PBXBuildFile; fileRef = 49A8C26627AF74750047703D /* LaunchScreen.storyboard */; };
		49A8C27327AF74750047703D /* BTTestTests.swift in Sources */ = {isa = PBXBuildFile; fileRef = 49A8C27227AF74750047703D /* BTTestTests.swift */; };
		49A8C27D27AF74750047703D /* BTTestUITests.swift in Sources */ = {isa = PBXBuildFile; fileRef = 49A8C27C27AF74750047703D /* BTTestUITests.swift */; };
		49A8C27F27AF74750047703D /* BTTestUITestsLaunchTests.swift in Sources */ = {isa = PBXBuildFile; fileRef = 49A8C27E27AF74750047703D /* BTTestUITestsLaunchTests.swift */; };
		49A8C28C27AF75DF0047703D /* ArduPeripheral.swift in Sources */ = {isa = PBXBuildFile; fileRef = 49A8C28B27AF75DF0047703D /* ArduPeripheral.swift */; };
/* End PBXBuildFile section */

/* Begin PBXContainerItemProxy section */
		49A8C26F27AF74750047703D /* PBXContainerItemProxy */ = {
			isa = PBXContainerItemProxy;
			containerPortal = 49A8C25027AF74740047703D /* Project object */;
			proxyType = 1;
			remoteGlobalIDString = 49A8C25727AF74740047703D;
			remoteInfo = BTTest;
		};
		49A8C27927AF74750047703D /* PBXContainerItemProxy */ = {
			isa = PBXContainerItemProxy;
			containerPortal = 49A8C25027AF74740047703D /* Project object */;
			proxyType = 1;
			remoteGlobalIDString = 49A8C25727AF74740047703D;
			remoteInfo = BTTest;
		};
/* End PBXContainerItemProxy section */

/* Begin PBXFileReference section */
		49A8C25827AF74740047703D /* BTTest.app */ = {isa = PBXFileReference; explicitFileType = wrapper.application; includeInIndex = 0; path = BTTest.app; sourceTree = BUILT_PRODUCTS_DIR; };
		49A8C25B27AF74740047703D /* AppDelegate.swift */ = {isa = PBXFileReference; lastKnownFileType = sourcecode.swift; path = AppDelegate.swift; sourceTree = "<group>"; };
		49A8C25D27AF74740047703D /* SceneDelegate.swift */ = {isa = PBXFileReference; lastKnownFileType = sourcecode.swift; path = SceneDelegate.swift; sourceTree = "<group>"; };
		49A8C25F27AF74740047703D /* ViewController.swift */ = {isa = PBXFileReference; lastKnownFileType = sourcecode.swift; path = ViewController.swift; sourceTree = "<group>"; };
		49A8C26227AF74740047703D /* Base */ = {isa = PBXFileReference; lastKnownFileType = file.storyboard; name = Base; path = Base.lproj/Main.storyboard; sourceTree = "<group>"; };
		49A8C26427AF74750047703D /* Assets.xcassets */ = {isa = PBXFileReference; lastKnownFileType = folder.assetcatalog; path = Assets.xcassets; sourceTree = "<group>"; };
		49A8C26727AF74750047703D /* Base */ = {isa = PBXFileReference; lastKnownFileType = file.storyboard; name = Base; path = Base.lproj/LaunchScreen.storyboard; sourceTree = "<group>"; };
		49A8C26927AF74750047703D /* Info.plist */ = {isa = PBXFileReference; lastKnownFileType = text.plist.xml; path = Info.plist; sourceTree = "<group>"; };
		49A8C26E27AF74750047703D /* BTTestTests.xctest */ = {isa = PBXFileReference; explicitFileType = wrapper.cfbundle; includeInIndex = 0; path = BTTestTests.xctest; sourceTree = BUILT_PRODUCTS_DIR; };
		49A8C27227AF74750047703D /* BTTestTests.swift */ = {isa = PBXFileReference; lastKnownFileType = sourcecode.swift; path = BTTestTests.swift; sourceTree = "<group>"; };
		49A8C27827AF74750047703D /* BTTestUITests.xctest */ = {isa = PBXFileReference; explicitFileType = wrapper.cfbundle; includeInIndex = 0; path = BTTestUITests.xctest; sourceTree = BUILT_PRODUCTS_DIR; };
		49A8C27C27AF74750047703D /* BTTestUITests.swift */ = {isa = PBXFileReference; lastKnownFileType = sourcecode.swift; path = BTTestUITests.swift; sourceTree = "<group>"; };
		49A8C27E27AF74750047703D /* BTTestUITestsLaunchTests.swift */ = {isa = PBXFileReference; lastKnownFileType = sourcecode.swift; path = BTTestUITestsLaunchTests.swift; sourceTree = "<group>"; };
		49A8C28B27AF75DF0047703D /* ArduPeripheral.swift */ = {isa = PBXFileReference; lastKnownFileType = sourcecode.swift; path = ArduPeripheral.swift; sourceTree = SOURCE_ROOT; };
/* End PBXFileReference section */

/* Begin PBXFrameworksBuildPhase section */
		49A8C25527AF74740047703D /* Frameworks */ = {
			isa = PBXFrameworksBuildPhase;
			buildActionMask = 2147483647;
			files = (
			);
			runOnlyForDeploymentPostprocessing = 0;
		};
		49A8C26B27AF74750047703D /* Frameworks */ = {
			isa = PBXFrameworksBuildPhase;
			buildActionMask = 2147483647;
			files = (
			);
			runOnlyForDeploymentPostprocessing = 0;
		};
		49A8C27527AF74750047703D /* Frameworks */ = {
			isa = PBXFrameworksBuildPhase;
			buildActionMask = 2147483647;
			files = (
			);
			runOnlyForDeploymentPostprocessing = 0;
		};
/* End PBXFrameworksBuildPhase section */

/* Begin PBXGroup section */
		49A8C24F27AF74740047703D = {
			isa = PBXGroup;
			children = (
				49A8C25A27AF74740047703D /* BTTest */,
				49A8C27127AF74750047703D /* BTTestTests */,
				49A8C27B27AF74750047703D /* BTTestUITests */,
				49A8C25927AF74740047703D /* Products */,
			);
			sourceTree = "<group>";
		};
		49A8C25927AF74740047703D /* Products */ = {
			isa = PBXGroup;
			children = (
				49A8C25827AF74740047703D /* BTTest.app */,
				49A8C26E27AF74750047703D /* BTTestTests.xctest */,
				49A8C27827AF74750047703D /* BTTestUITests.xctest */,
			);
			name = Products;
			sourceTree = "<group>";
		};
		49A8C25A27AF74740047703D /* BTTest */ = {
			isa = PBXGroup;
			children = (
				49A8C28B27AF75DF0047703D /* ArduPeripheral.swift */,
				49A8C25B27AF74740047703D /* AppDelegate.swift */,
				49A8C25D27AF74740047703D /* SceneDelegate.swift */,
				49A8C25F27AF74740047703D /* ViewController.swift */,
				49A8C26127AF74740047703D /* Main.storyboard */,
				49A8C26427AF74750047703D /* Assets.xcassets */,
				49A8C26627AF74750047703D /* LaunchScreen.storyboard */,
				49A8C26927AF74750047703D /* Info.plist */,
			);
			path = BTTest;
			sourceTree = "<group>";
		};
		49A8C27127AF74750047703D /* BTTestTests */ = {
			isa = PBXGroup;
			children = (
				49A8C27227AF74750047703D /* BTTestTests.swift */,
			);
			path = BTTestTests;
			sourceTree = "<group>";
		};
		49A8C27B27AF74750047703D /* BTTestUITests */ = {
			isa = PBXGroup;
			children = (
				49A8C27C27AF74750047703D /* BTTestUITests.swift */,
				49A8C27E27AF74750047703D /* BTTestUITestsLaunchTests.swift */,
			);
			path = BTTestUITests;
			sourceTree = "<group>";
		};
/* End PBXGroup section */

/* Begin PBXNativeTarget section */
		49A8C25727AF74740047703D /* BTTest */ = {
			isa = PBXNativeTarget;
			buildConfigurationList = 49A8C28227AF74750047703D /* Build configuration list for PBXNativeTarget "BTTest" */;
			buildPhases = (
				49A8C25427AF74740047703D /* Sources */,
				49A8C25527AF74740047703D /* Frameworks */,
				49A8C25627AF74740047703D /* Resources */,
			);
			buildRules = (
			);
			dependencies = (
			);
			name = BTTest;
			productName = BTTest;
			productReference = 49A8C25827AF74740047703D /* BTTest.app */;
			productType = "com.apple.product-type.application";
		};
		49A8C26D27AF74750047703D /* BTTestTests */ = {
			isa = PBXNativeTarget;
			buildConfigurationList = 49A8C28527AF74750047703D /* Build configuration list for PBXNativeTarget "BTTestTests" */;
			buildPhases = (
				49A8C26A27AF74750047703D /* Sources */,
				49A8C26B27AF74750047703D /* Frameworks */,
				49A8C26C27AF74750047703D /* Resources */,
			);
			buildRules = (
			);
			dependencies = (
				49A8C27027AF74750047703D /* PBXTargetDependency */,
			);
			name = BTTestTests;
			productName = BTTestTests;
			productReference = 49A8C26E27AF74750047703D /* BTTestTests.xctest */;
			productType = "com.apple.product-type.bundle.unit-test";
		};
		49A8C27727AF74750047703D /* BTTestUITests */ = {
			isa = PBXNativeTarget;
			buildConfigurationList = 49A8C28827AF74750047703D /* Build configuration list for PBXNativeTarget "BTTestUITests" */;
			buildPhases = (
				49A8C27427AF74750047703D /* Sources */,
				49A8C27527AF74750047703D /* Frameworks */,
				49A8C27627AF74750047703D /* Resources */,
			);
			buildRules = (
			);
			dependencies = (
				49A8C27A27AF74750047703D /* PBXTargetDependency */,
			);
			name = BTTestUITests;
			productName = BTTestUITests;
			productReference = 49A8C27827AF74750047703D /* BTTestUITests.xctest */;
			productType = "com.apple.product-type.bundle.ui-testing";
		};
/* End PBXNativeTarget section */

/* Begin PBXProject section */
		49A8C25027AF74740047703D /* Project object */ = {
			isa = PBXProject;
			attributes = {
				BuildIndependentTargetsInParallel = 1;
				LastSwiftUpdateCheck = 1320;
				LastUpgradeCheck = 1320;
				TargetAttributes = {
					49A8C25727AF74740047703D = {
						CreatedOnToolsVersion = 13.2.1;
					};
					49A8C26D27AF74750047703D = {
						CreatedOnToolsVersion = 13.2.1;
						TestTargetID = 49A8C25727AF74740047703D;
					};
					49A8C27727AF74750047703D = {
						CreatedOnToolsVersion = 13.2.1;
						TestTargetID = 49A8C25727AF74740047703D;
					};
				};
			};
			buildConfigurationList = 49A8C25327AF74740047703D /* Build configuration list for PBXProject "BTTest" */;
			compatibilityVersion = "Xcode 13.0";
			developmentRegion = en;
			hasScannedForEncodings = 0;
			knownRegions = (
				en,
				Base,
			);
			mainGroup = 49A8C24F27AF74740047703D;
			productRefGroup = 49A8C25927AF74740047703D /* Products */;
			projectDirPath = "";
			projectRoot = "";
			targets = (
				49A8C25727AF74740047703D /* BTTest */,
				49A8C26D27AF74750047703D /* BTTestTests */,
				49A8C27727AF74750047703D /* BTTestUITests */,
			);
		};
/* End PBXProject section */

/* Begin PBXResourcesBuildPhase section */
		49A8C25627AF74740047703D /* Resources */ = {
			isa = PBXResourcesBuildPhase;
			buildActionMask = 2147483647;
			files = (
				49A8C26827AF74750047703D /* LaunchScreen.storyboard in Resources */,
				49A8C26527AF74750047703D /* Assets.xcassets in Resources */,
				49A8C26327AF74740047703D /* Main.storyboard in Resources */,
			);
			runOnlyForDeploymentPostprocessing = 0;
		};
		49A8C26C27AF74750047703D /* Resources */ = {
			isa = PBXResourcesBuildPhase;
			buildActionMask = 2147483647;
			files = (
			);
			runOnlyForDeploymentPostprocessing = 0;
		};
		49A8C27627AF74750047703D /* Resources */ = {
			isa = PBXResourcesBuildPhase;
			buildActionMask = 2147483647;
			files = (
			);
			runOnlyForDeploymentPostprocessing = 0;
		};
/* End PBXResourcesBuildPhase section */

/* Begin PBXSourcesBuildPhase section */
		49A8C25427AF74740047703D /* Sources */ = {
			isa = PBXSourcesBuildPhase;
			buildActionMask = 2147483647;
			files = (
				49A8C26027AF74740047703D /* ViewController.swift in Sources */,
				49A8C25C27AF74740047703D /* AppDelegate.swift in Sources */,
				49A8C25E27AF74740047703D /* SceneDelegate.swift in Sources */,
				49A8C28C27AF75DF0047703D /* ArduPeripheral.swift in Sources */,
			);
			runOnlyForDeploymentPostprocessing = 0;
		};
		49A8C26A27AF74750047703D /* Sources */ = {
			isa = PBXSourcesBuildPhase;
			buildActionMask = 2147483647;
			files = (
				49A8C27327AF74750047703D /* BTTestTests.swift in Sources */,
			);
			runOnlyForDeploymentPostprocessing = 0;
		};
		49A8C27427AF74750047703D /* Sources */ = {
			isa = PBXSourcesBuildPhase;
			buildActionMask = 2147483647;
			files = (
				49A8C27F27AF74750047703D /* BTTestUITestsLaunchTests.swift in Sources */,
				49A8C27D27AF74750047703D /* BTTestUITests.swift in Sources */,
			);
			runOnlyForDeploymentPostprocessing = 0;
		};
/* End PBXSourcesBuildPhase section */

/* Begin PBXTargetDependency section */
		49A8C27027AF74750047703D /* PBXTargetDependency */ = {
			isa = PBXTargetDependency;
			target = 49A8C25727AF74740047703D /* BTTest */;
			targetProxy = 49A8C26F27AF74750047703D /* PBXContainerItemProxy */;
		};
		49A8C27A27AF74750047703D /* PBXTargetDependency */ = {
			isa = PBXTargetDependency;
			target = 49A8C25727AF74740047703D /* BTTest */;
			targetProxy = 49A8C27927AF74750047703D /* PBXContainerItemProxy */;
		};
/* End PBXTargetDependency section */

/* Begin PBXVariantGroup section */
		49A8C26127AF74740047703D /* Main.storyboard */ = {
			isa = PBXVariantGroup;
			children = (
				49A8C26227AF74740047703D /* Base */,
			);
			name = Main.storyboard;
			sourceTree = "<group>";
		};
		49A8C26627AF74750047703D /* LaunchScreen.storyboard */ = {
			isa = PBXVariantGroup;
			children = (
				49A8C26727AF74750047703D /* Base */,
			);
			name = LaunchScreen.storyboard;
			sourceTree = "<group>";
		};
/* End PBXVariantGroup section */

/* Begin XCBuildConfiguration section */
		49A8C28027AF74750047703D /* Debug */ = {
			isa = XCBuildConfiguration;
			buildSettings = {
				ALWAYS_SEARCH_USER_PATHS = NO;
				CLANG_ANALYZER_NONNULL = YES;
				CLANG_ANALYZER_NUMBER_OBJECT_CONVERSION = YES_AGGRESSIVE;
				CLANG_CXX_LANGUAGE_STANDARD = "gnu++17";
				CLANG_CXX_LIBRARY = "libc++";
				CLANG_ENABLE_MODULES = YES;
				CLANG_ENABLE_OBJC_ARC = YES;
				CLANG_ENABLE_OBJC_WEAK = YES;
				CLANG_WARN_BLOCK_CAPTURE_AUTORELEASING = YES;
				CLANG_WARN_BOOL_CONVERSION = YES;
				CLANG_WARN_COMMA = YES;
				CLANG_WARN_CONSTANT_CONVERSION = YES;
				CLANG_WARN_DEPRECATED_OBJC_IMPLEMENTATIONS = YES;
				CLANG_WARN_DIRECT_OBJC_ISA_USAGE = YES_ERROR;
				CLANG_WARN_DOCUMENTATION_COMMENTS = YES;
				CLANG_WARN_EMPTY_BODY = YES;
				CLANG_WARN_ENUM_CONVERSION = YES;
				CLANG_WARN_INFINITE_RECURSION = YES;
				CLANG_WARN_INT_CONVERSION = YES;
				CLANG_WARN_NON_LITERAL_NULL_CONVERSION = YES;
				CLANG_WARN_OBJC_IMPLICIT_RETAIN_SELF = YES;
				CLANG_WARN_OBJC_LITERAL_CONVERSION = YES;
				CLANG_WARN_OBJC_ROOT_CLASS = YES_ERROR;
				CLANG_WARN_QUOTED_INCLUDE_IN_FRAMEWORK_HEADER = YES;
				CLANG_WARN_RANGE_LOOP_ANALYSIS = YES;
				CLANG_WARN_STRICT_PROTOTYPES = YES;
				CLANG_WARN_SUSPICIOUS_MOVE = YES;
				CLANG_WARN_UNGUARDED_AVAILABILITY = YES_AGGRESSIVE;
				CLANG_WARN_UNREACHABLE_CODE = YES;
				CLANG_WARN__DUPLICATE_METHOD_MATCH = YES;
				COPY_PHASE_STRIP = NO;
				DEBUG_INFORMATION_FORMAT = dwarf;
				ENABLE_STRICT_OBJC_MSGSEND = YES;
				ENABLE_TESTABILITY = YES;
				GCC_C_LANGUAGE_STANDARD = gnu11;
				GCC_DYNAMIC_NO_PIC = NO;
				GCC_NO_COMMON_BLOCKS = YES;
				GCC_OPTIMIZATION_LEVEL = 0;
				GCC_PREPROCESSOR_DEFINITIONS = (
					"DEBUG=1",
					"$(inherited)",
				);
				GCC_WARN_64_TO_32_BIT_CONVERSION = YES;
				GCC_WARN_ABOUT_RETURN_TYPE = YES_ERROR;
				GCC_WARN_UNDECLARED_SELECTOR = YES;
				GCC_WARN_UNINITIALIZED_AUTOS = YES_AGGRESSIVE;
				GCC_WARN_UNUSED_FUNCTION = YES;
				GCC_WARN_UNUSED_VARIABLE = YES;
				IPHONEOS_DEPLOYMENT_TARGET = 15.2;
				MTL_ENABLE_DEBUG_INFO = INCLUDE_SOURCE;
				MTL_FAST_MATH = YES;
				ONLY_ACTIVE_ARCH = YES;
				SDKROOT = iphoneos;
				SWIFT_ACTIVE_COMPILATION_CONDITIONS = DEBUG;
				SWIFT_OPTIMIZATION_LEVEL = "-Onone";
			};
			name = Debug;
		};
		49A8C28127AF74750047703D /* Release */ = {
			isa = XCBuildConfiguration;
			buildSettings = {
				ALWAYS_SEARCH_USER_PATHS = NO;
				CLANG_ANALYZER_NONNULL = YES;
				CLANG_ANALYZER_NUMBER_OBJECT_CONVERSION = YES_AGGRESSIVE;
				CLANG_CXX_LANGUAGE_STANDARD = "gnu++17";
				CLANG_CXX_LIBRARY = "libc++";
				CLANG_ENABLE_MODULES = YES;
				CLANG_ENABLE_OBJC_ARC = YES;
				CLANG_ENABLE_OBJC_WEAK = YES;
				CLANG_WARN_BLOCK_CAPTURE_AUTORELEASING = YES;
				CLANG_WARN_BOOL_CONVERSION = YES;
				CLANG_WARN_COMMA = YES;
				CLANG_WARN_CONSTANT_CONVERSION = YES;
				CLANG_WARN_DEPRECATED_OBJC_IMPLEMENTATIONS = YES;
				CLANG_WARN_DIRECT_OBJC_ISA_USAGE = YES_ERROR;
				CLANG_WARN_DOCUMENTATION_COMMENTS = YES;
				CLANG_WARN_EMPTY_BODY = YES;
				CLANG_WARN_ENUM_CONVERSION = YES;
				CLANG_WARN_INFINITE_RECURSION = YES;
				CLANG_WARN_INT_CONVERSION = YES;
				CLANG_WARN_NON_LITERAL_NULL_CONVERSION = YES;
				CLANG_WARN_OBJC_IMPLICIT_RETAIN_SELF = YES;
				CLANG_WARN_OBJC_LITERAL_CONVERSION = YES;
				CLANG_WARN_OBJC_ROOT_CLASS = YES_ERROR;
				CLANG_WARN_QUOTED_INCLUDE_IN_FRAMEWORK_HEADER = YES;
				CLANG_WARN_RANGE_LOOP_ANALYSIS = YES;
				CLANG_WARN_STRICT_PROTOTYPES = YES;
				CLANG_WARN_SUSPICIOUS_MOVE = YES;
				CLANG_WARN_UNGUARDED_AVAILABILITY = YES_AGGRESSIVE;
				CLANG_WARN_UNREACHABLE_CODE = YES;
				CLANG_WARN__DUPLICATE_METHOD_MATCH = YES;
				COPY_PHASE_STRIP = NO;
				DEBUG_INFORMATION_FORMAT = "dwarf-with-dsym";
				ENABLE_NS_ASSERTIONS = NO;
				ENABLE_STRICT_OBJC_MSGSEND = YES;
				GCC_C_LANGUAGE_STANDARD = gnu11;
				GCC_NO_COMMON_BLOCKS = YES;
				GCC_WARN_64_TO_32_BIT_CONVERSION = YES;
				GCC_WARN_ABOUT_RETURN_TYPE = YES_ERROR;
				GCC_WARN_UNDECLARED_SELECTOR = YES;
				GCC_WARN_UNINITIALIZED_AUTOS = YES_AGGRESSIVE;
				GCC_WARN_UNUSED_FUNCTION = YES;
				GCC_WARN_UNUSED_VARIABLE = YES;
				IPHONEOS_DEPLOYMENT_TARGET = 15.2;
				MTL_ENABLE_DEBUG_INFO = NO;
				MTL_FAST_MATH = YES;
				SDKROOT = iphoneos;
				SWIFT_COMPILATION_MODE = wholemodule;
				SWIFT_OPTIMIZATION_LEVEL = "-O";
				VALIDATE_PRODUCT = YES;
			};
			name = Release;
		};
		49A8C28327AF74750047703D /* Debug */ = {
			isa = XCBuildConfiguration;
			buildSettings = {
				ASSETCATALOG_COMPILER_APPICON_NAME = AppIcon;
				ASSETCATALOG_COMPILER_GLOBAL_ACCENT_COLOR_NAME = AccentColor;
				CODE_SIGN_STYLE = Automatic;
				CURRENT_PROJECT_VERSION = 1;
				DEVELOPMENT_TEAM = K4GUD8H29N;
				GENERATE_INFOPLIST_FILE = YES;
				INFOPLIST_FILE = BTTest/Info.plist;
				INFOPLIST_KEY_UIApplicationSupportsIndirectInputEvents = YES;
				INFOPLIST_KEY_UILaunchStoryboardName = LaunchScreen;
				INFOPLIST_KEY_UIMainStoryboardFile = Main;
				INFOPLIST_KEY_UISupportedInterfaceOrientations_iPad = "UIInterfaceOrientationPortrait UIInterfaceOrientationPortraitUpsideDown UIInterfaceOrientationLandscapeLeft UIInterfaceOrientationLandscapeRight";
				INFOPLIST_KEY_UISupportedInterfaceOrientations_iPhone = "UIInterfaceOrientationPortrait UIInterfaceOrientationLandscapeLeft UIInterfaceOrientationLandscapeRight";
				LD_RUNPATH_SEARCH_PATHS = (
					"$(inherited)",
					"@executable_path/Frameworks",
				);
				MARKETING_VERSION = 1.0;
				PRODUCT_BUNDLE_IDENTIFIER = com.ecgtech.BTTest;
				PRODUCT_NAME = "$(TARGET_NAME)";
				SWIFT_EMIT_LOC_STRINGS = YES;
				SWIFT_VERSION = 5.0;
				TARGETED_DEVICE_FAMILY = "1,2";
			};
			name = Debug;
		};
		49A8C28427AF74750047703D /* Release */ = {
			isa = XCBuildConfiguration;
			buildSettings = {
				ASSETCATALOG_COMPILER_APPICON_NAME = AppIcon;
				ASSETCATALOG_COMPILER_GLOBAL_ACCENT_COLOR_NAME = AccentColor;
				CODE_SIGN_STYLE = Automatic;
				CURRENT_PROJECT_VERSION = 1;
				DEVELOPMENT_TEAM = K4GUD8H29N;
				GENERATE_INFOPLIST_FILE = YES;
				INFOPLIST_FILE = BTTest/Info.plist;
				INFOPLIST_KEY_UIApplicationSupportsIndirectInputEvents = YES;
				INFOPLIST_KEY_UILaunchStoryboardName = LaunchScreen;
				INFOPLIST_KEY_UIMainStoryboardFile = Main;
				INFOPLIST_KEY_UISupportedInterfaceOrientations_iPad = "UIInterfaceOrientationPortrait UIInterfaceOrientationPortraitUpsideDown UIInterfaceOrientationLandscapeLeft UIInterfaceOrientationLandscapeRight";
				INFOPLIST_KEY_UISupportedInterfaceOrientations_iPhone = "UIInterfaceOrientationPortrait UIInterfaceOrientationLandscapeLeft UIInterfaceOrientationLandscapeRight";
				LD_RUNPATH_SEARCH_PATHS = (
					"$(inherited)",
					"@executable_path/Frameworks",
				);
				MARKETING_VERSION = 1.0;
				PRODUCT_BUNDLE_IDENTIFIER = com.ecgtech.BTTest;
				PRODUCT_NAME = "$(TARGET_NAME)";
				SWIFT_EMIT_LOC_STRINGS = YES;
				SWIFT_VERSION = 5.0;
				TARGETED_DEVICE_FAMILY = "1,2";
			};
			name = Release;
		};
		49A8C28627AF74750047703D /* Debug */ = {
			isa = XCBuildConfiguration;
			buildSettings = {
				ALWAYS_EMBED_SWIFT_STANDARD_LIBRARIES = YES;
				BUNDLE_LOADER = "$(TEST_HOST)";
				CODE_SIGN_STYLE = Automatic;
				CURRENT_PROJECT_VERSION = 1;
				DEVELOPMENT_TEAM = K4GUD8H29N;
				GENERATE_INFOPLIST_FILE = YES;
				IPHONEOS_DEPLOYMENT_TARGET = 15.2;
				MARKETING_VERSION = 1.0;
				PRODUCT_BUNDLE_IDENTIFIER = com.ecgtech.BTTestTests;
				PRODUCT_NAME = "$(TARGET_NAME)";
				SWIFT_EMIT_LOC_STRINGS = NO;
				SWIFT_VERSION = 5.0;
				TARGETED_DEVICE_FAMILY = "1,2";
				TEST_HOST = "$(BUILT_PRODUCTS_DIR)/BTTest.app/BTTest";
			};
			name = Debug;
		};
		49A8C28727AF74750047703D /* Release */ = {
			isa = XCBuildConfiguration;
			buildSettings = {
				ALWAYS_EMBED_SWIFT_STANDARD_LIBRARIES = YES;
				BUNDLE_LOADER = "$(TEST_HOST)";
				CODE_SIGN_STYLE = Automatic;
				CURRENT_PROJECT_VERSION = 1;
				DEVELOPMENT_TEAM = K4GUD8H29N;
				GENERATE_INFOPLIST_FILE = YES;
				IPHONEOS_DEPLOYMENT_TARGET = 15.2;
				MARKETING_VERSION = 1.0;
				PRODUCT_BUNDLE_IDENTIFIER = com.ecgtech.BTTestTests;
				PRODUCT_NAME = "$(TARGET_NAME)";
				SWIFT_EMIT_LOC_STRINGS = NO;
				SWIFT_VERSION = 5.0;
				TARGETED_DEVICE_FAMILY = "1,2";
				TEST_HOST = "$(BUILT_PRODUCTS_DIR)/BTTest.app/BTTest";
			};
			name = Release;
		};
		49A8C28927AF74750047703D /* Debug */ = {
			isa = XCBuildConfiguration;
			buildSettings = {
				ALWAYS_EMBED_SWIFT_STANDARD_LIBRARIES = YES;
				CODE_SIGN_STYLE = Automatic;
				CURRENT_PROJECT_VERSION = 1;
				DEVELOPMENT_TEAM = K4GUD8H29N;
				GENERATE_INFOPLIST_FILE = YES;
				MARKETING_VERSION = 1.0;
				PRODUCT_BUNDLE_IDENTIFIER = com.ecgtech.BTTestUITests;
				PRODUCT_NAME = "$(TARGET_NAME)";
				SWIFT_EMIT_LOC_STRINGS = NO;
				SWIFT_VERSION = 5.0;
				TARGETED_DEVICE_FAMILY = "1,2";
				TEST_TARGET_NAME = BTTest;
			};
			name = Debug;
		};
		49A8C28A27AF74750047703D /* Release */ = {
			isa = XCBuildConfiguration;
			buildSettings = {
				ALWAYS_EMBED_SWIFT_STANDARD_LIBRARIES = YES;
				CODE_SIGN_STYLE = Automatic;
				CURRENT_PROJECT_VERSION = 1;
				DEVELOPMENT_TEAM = K4GUD8H29N;
				GENERATE_INFOPLIST_FILE = YES;
				MARKETING_VERSION = 1.0;
				PRODUCT_BUNDLE_IDENTIFIER = com.ecgtech.BTTestUITests;
				PRODUCT_NAME = "$(TARGET_NAME)";
				SWIFT_EMIT_LOC_STRINGS = NO;
				SWIFT_VERSION = 5.0;
				TARGETED_DEVICE_FAMILY = "1,2";
				TEST_TARGET_NAME = BTTest;
			};
			name = Release;
		};
/* End XCBuildConfiguration section */

/* Begin XCConfigurationList section */
		49A8C25327AF74740047703D /* Build configuration list for PBXProject "BTTest" */ = {
			isa = XCConfigurationList;
			buildConfigurations = (
				49A8C28027AF74750047703D /* Debug */,
				49A8C28127AF74750047703D /* Release */,
			);
			defaultConfigurationIsVisible = 0;
			defaultConfigurationName = Release;
		};
		49A8C28227AF74750047703D /* Build configuration list for PBXNativeTarget "BTTest" */ = {
			isa = XCConfigurationList;
			buildConfigurations = (
				49A8C28327AF74750047703D /* Debug */,
				49A8C28427AF74750047703D /* Release */,
			);
			defaultConfigurationIsVisible = 0;
			defaultConfigurationName = Release;
		};
		49A8C28527AF74750047703D /* Build configuration list for PBXNativeTarget "BTTestTests" */ = {
			isa = XCConfigurationList;
			buildConfigurations = (
				49A8C28627AF74750047703D /* Debug */,
				49A8C28727AF74750047703D /* Release */,
			);
			defaultConfigurationIsVisible = 0;
			defaultConfigurationName = Release;
		};
		49A8C28827AF74750047703D /* Build configuration list for PBXNativeTarget "BTTestUITests" */ = {
			isa = XCConfigurationList;
			buildConfigurations = (
				49A8C28927AF74750047703D /* Debug */,
				49A8C28A27AF74750047703D /* Release */,
			);
			defaultConfigurationIsVisible = 0;
			defaultConfigurationName = Release;
		};
/* End XCConfigurationList section */
	};
	rootObject = 49A8C25027AF74740047703D /* Project object */;
}
