// !$*UTF8*$!
{
	archiveVersion = 1;
	classes = {
	};
	objectVersion = 52;
	objects = {

/* Begin PBXBuildFile section */
		3572A414A3F2E547A44A99E6 /* Pods_ECGv1Tests.framework in Frameworks */ = {isa = PBXBuildFile; fileRef = 0AA36E2FEF9BC38BA7D39299 /* Pods_ECGv1Tests.framework */; };
		49E42E8227C5144700FB6DBB /* ArduPeripheral.swift in Sources */ = {isa = PBXBuildFile; fileRef = 49E42E8127C5144600FB6DBB /* ArduPeripheral.swift */; };
		49EB944827C6C3C20010F366 /* BTQueue.swift in Sources */ = {isa = PBXBuildFile; fileRef = 49EB944727C6C3C20010F366 /* BTQueue.swift */; };
		561471AC27C4ECD7007D7F64 /* AppDelegate.swift in Sources */ = {isa = PBXBuildFile; fileRef = 561471AB27C4ECD7007D7F64 /* AppDelegate.swift */; };
		561471AE27C4ECD7007D7F64 /* SceneDelegate.swift in Sources */ = {isa = PBXBuildFile; fileRef = 561471AD27C4ECD7007D7F64 /* SceneDelegate.swift */; };
		561471B027C4ECD7007D7F64 /* ViewController.swift in Sources */ = {isa = PBXBuildFile; fileRef = 561471AF27C4ECD7007D7F64 /* ViewController.swift */; };
		561471B327C4ECD7007D7F64 /* Main.storyboard in Resources */ = {isa = PBXBuildFile; fileRef = 561471B127C4ECD7007D7F64 /* Main.storyboard */; };
		561471B527C4ECD8007D7F64 /* Assets.xcassets in Resources */ = {isa = PBXBuildFile; fileRef = 561471B427C4ECD8007D7F64 /* Assets.xcassets */; };
		561471B827C4ECD8007D7F64 /* LaunchScreen.storyboard in Resources */ = {isa = PBXBuildFile; fileRef = 561471B627C4ECD8007D7F64 /* LaunchScreen.storyboard */; };
		561471C327C4ECD9007D7F64 /* ECGv1Tests.swift in Sources */ = {isa = PBXBuildFile; fileRef = 561471C227C4ECD9007D7F64 /* ECGv1Tests.swift */; };
		561471CE27C4ECD9007D7F64 /* ECGv1UITests.swift in Sources */ = {isa = PBXBuildFile; fileRef = 561471CD27C4ECD9007D7F64 /* ECGv1UITests.swift */; };
		6C87012D27E1534200D32705 /* data1.csv in Resources */ = {isa = PBXBuildFile; fileRef = 6C87012C27E1534200D32705 /* data1.csv */; };
		6C870CC627E2539B00D32705 /* Numerics in Frameworks */ = {isa = PBXBuildFile; productRef = 6C870CC527E2539B00D32705 /* Numerics */; };
		6C870CC827EB8EFB00D32705 /* ECGAlgorithm.swift in Sources */ = {isa = PBXBuildFile; fileRef = 6C870CC727EB8EFB00D32705 /* ECGAlgorithm.swift */; };
		6C870CCB27EE656000D32705 /* SwiftMatrix in Frameworks */ = {isa = PBXBuildFile; productRef = 6C870CCA27EE656000D32705 /* SwiftMatrix */; };
		6C870CCE27EFB43D00D32705 /* LASwift in Frameworks */ = {isa = PBXBuildFile; productRef = 6C870CCD27EFB43D00D32705 /* LASwift */; };
		6C870CD827FD221D00D32705 /* data6.csv in Resources */ = {isa = PBXBuildFile; fileRef = 6C870CCF27FD221C00D32705 /* data6.csv */; };
		6C870CD927FD221D00D32705 /* data3.csv in Resources */ = {isa = PBXBuildFile; fileRef = 6C870CD027FD221D00D32705 /* data3.csv */; };
		6C870CDA27FD221D00D32705 /* data4.csv in Resources */ = {isa = PBXBuildFile; fileRef = 6C870CD127FD221D00D32705 /* data4.csv */; };
		6C870CDB27FD221D00D32705 /* data8.csv in Resources */ = {isa = PBXBuildFile; fileRef = 6C870CD227FD221D00D32705 /* data8.csv */; };
		6C870CDC27FD221D00D32705 /* data10.csv in Resources */ = {isa = PBXBuildFile; fileRef = 6C870CD327FD221D00D32705 /* data10.csv */; };
		6C870CDD27FD221D00D32705 /* data2.csv in Resources */ = {isa = PBXBuildFile; fileRef = 6C870CD427FD221D00D32705 /* data2.csv */; };
		6C870CDE27FD221D00D32705 /* data9.csv in Resources */ = {isa = PBXBuildFile; fileRef = 6C870CD527FD221D00D32705 /* data9.csv */; };
		6C870CDF27FD221D00D32705 /* data7.csv in Resources */ = {isa = PBXBuildFile; fileRef = 6C870CD627FD221D00D32705 /* data7.csv */; };
		6C870CE027FD221D00D32705 /* data5.csv in Resources */ = {isa = PBXBuildFile; fileRef = 6C870CD727FD221D00D32705 /* data5.csv */; };
		B4660F917D194A119A79789F /* Pods_ECGv1.framework in Frameworks */ = {isa = PBXBuildFile; fileRef = 3428C7F7C71F8295C1AB6D19 /* Pods_ECGv1.framework */; };
		BC9260EAEBE7637607E80C3E /* Pods_ECGv1_ECGv1UITests.framework in Frameworks */ = {isa = PBXBuildFile; fileRef = 62B3A9072B6197CC3C493922 /* Pods_ECGv1_ECGv1UITests.framework */; };
/* End PBXBuildFile section */

/* Begin PBXContainerItemProxy section */
		561471BF27C4ECD9007D7F64 /* PBXContainerItemProxy */ = {
			isa = PBXContainerItemProxy;
			containerPortal = 561471A027C4ECD7007D7F64 /* Project object */;
			proxyType = 1;
			remoteGlobalIDString = 561471A727C4ECD7007D7F64;
			remoteInfo = ECGv1;
		};
		561471CA27C4ECD9007D7F64 /* PBXContainerItemProxy */ = {
			isa = PBXContainerItemProxy;
			containerPortal = 561471A027C4ECD7007D7F64 /* Project object */;
			proxyType = 1;
			remoteGlobalIDString = 561471A727C4ECD7007D7F64;
			remoteInfo = ECGv1;
		};
/* End PBXContainerItemProxy section */

/* Begin PBXFileReference section */
		0AA36E2FEF9BC38BA7D39299 /* Pods_ECGv1Tests.framework */ = {isa = PBXFileReference; explicitFileType = wrapper.framework; includeInIndex = 0; path = Pods_ECGv1Tests.framework; sourceTree = BUILT_PRODUCTS_DIR; };
		3428C7F7C71F8295C1AB6D19 /* Pods_ECGv1.framework */ = {isa = PBXFileReference; explicitFileType = wrapper.framework; includeInIndex = 0; path = Pods_ECGv1.framework; sourceTree = BUILT_PRODUCTS_DIR; };
		46242BDCD25F4F29F2C3F991 /* Pods-ECGv1-ECGv1UITests.debug.xcconfig */ = {isa = PBXFileReference; includeInIndex = 1; lastKnownFileType = text.xcconfig; name = "Pods-ECGv1-ECGv1UITests.debug.xcconfig"; path = "Target Support Files/Pods-ECGv1-ECGv1UITests/Pods-ECGv1-ECGv1UITests.debug.xcconfig"; sourceTree = "<group>"; };
		467D6B63039E3511B941316B /* Pods-ECGv1Tests.release.xcconfig */ = {isa = PBXFileReference; includeInIndex = 1; lastKnownFileType = text.xcconfig; name = "Pods-ECGv1Tests.release.xcconfig"; path = "Target Support Files/Pods-ECGv1Tests/Pods-ECGv1Tests.release.xcconfig"; sourceTree = "<group>"; };
		49E42E8127C5144600FB6DBB /* ArduPeripheral.swift */ = {isa = PBXFileReference; lastKnownFileType = sourcecode.swift; name = ArduPeripheral.swift; path = BT/ArduPeripheral.swift; sourceTree = "<group>"; };
		49EB944727C6C3C20010F366 /* BTQueue.swift */ = {isa = PBXFileReference; lastKnownFileType = sourcecode.swift; name = BTQueue.swift; path = Queue/BTQueue.swift; sourceTree = "<group>"; };
		561471A827C4ECD7007D7F64 /* ECGv1.app */ = {isa = PBXFileReference; explicitFileType = wrapper.application; includeInIndex = 0; path = ECGv1.app; sourceTree = BUILT_PRODUCTS_DIR; };
		561471AB27C4ECD7007D7F64 /* AppDelegate.swift */ = {isa = PBXFileReference; lastKnownFileType = sourcecode.swift; path = AppDelegate.swift; sourceTree = "<group>"; };
		561471AD27C4ECD7007D7F64 /* SceneDelegate.swift */ = {isa = PBXFileReference; lastKnownFileType = sourcecode.swift; path = SceneDelegate.swift; sourceTree = "<group>"; };
		561471AF27C4ECD7007D7F64 /* ViewController.swift */ = {isa = PBXFileReference; lastKnownFileType = sourcecode.swift; path = ViewController.swift; sourceTree = "<group>"; };
		561471B227C4ECD7007D7F64 /* Base */ = {isa = PBXFileReference; lastKnownFileType = file.storyboard; name = Base; path = Base.lproj/Main.storyboard; sourceTree = "<group>"; };
		561471B427C4ECD8007D7F64 /* Assets.xcassets */ = {isa = PBXFileReference; lastKnownFileType = folder.assetcatalog; path = Assets.xcassets; sourceTree = "<group>"; };
		561471B727C4ECD8007D7F64 /* Base */ = {isa = PBXFileReference; lastKnownFileType = file.storyboard; name = Base; path = Base.lproj/LaunchScreen.storyboard; sourceTree = "<group>"; };
		561471B927C4ECD8007D7F64 /* Info.plist */ = {isa = PBXFileReference; lastKnownFileType = text.plist.xml; path = Info.plist; sourceTree = "<group>"; };
		561471BE27C4ECD9007D7F64 /* ECGv1Tests.xctest */ = {isa = PBXFileReference; explicitFileType = wrapper.cfbundle; includeInIndex = 0; path = ECGv1Tests.xctest; sourceTree = BUILT_PRODUCTS_DIR; };
		561471C227C4ECD9007D7F64 /* ECGv1Tests.swift */ = {isa = PBXFileReference; lastKnownFileType = sourcecode.swift; path = ECGv1Tests.swift; sourceTree = "<group>"; };
		561471C427C4ECD9007D7F64 /* Info.plist */ = {isa = PBXFileReference; lastKnownFileType = text.plist.xml; path = Info.plist; sourceTree = "<group>"; };
		561471C927C4ECD9007D7F64 /* ECGv1UITests.xctest */ = {isa = PBXFileReference; explicitFileType = wrapper.cfbundle; includeInIndex = 0; path = ECGv1UITests.xctest; sourceTree = BUILT_PRODUCTS_DIR; };
		561471CD27C4ECD9007D7F64 /* ECGv1UITests.swift */ = {isa = PBXFileReference; lastKnownFileType = sourcecode.swift; path = ECGv1UITests.swift; sourceTree = "<group>"; };
		561471CF27C4ECD9007D7F64 /* Info.plist */ = {isa = PBXFileReference; lastKnownFileType = text.plist.xml; path = Info.plist; sourceTree = "<group>"; };
		62B3A9072B6197CC3C493922 /* Pods_ECGv1_ECGv1UITests.framework */ = {isa = PBXFileReference; explicitFileType = wrapper.framework; includeInIndex = 0; path = Pods_ECGv1_ECGv1UITests.framework; sourceTree = BUILT_PRODUCTS_DIR; };
		6A03ACCBA4C02B3B1C390871 /* Pods-ECGv1-ECGv1UITests.release.xcconfig */ = {isa = PBXFileReference; includeInIndex = 1; lastKnownFileType = text.xcconfig; name = "Pods-ECGv1-ECGv1UITests.release.xcconfig"; path = "Target Support Files/Pods-ECGv1-ECGv1UITests/Pods-ECGv1-ECGv1UITests.release.xcconfig"; sourceTree = "<group>"; };
		6C87012C27E1534200D32705 /* data1.csv */ = {isa = PBXFileReference; fileEncoding = 4; lastKnownFileType = text; path = data1.csv; sourceTree = "<group>"; };
		6C870CC727EB8EFB00D32705 /* ECGAlgorithm.swift */ = {isa = PBXFileReference; lastKnownFileType = sourcecode.swift; path = ECGAlgorithm.swift; sourceTree = "<group>"; };
		6C870CCF27FD221C00D32705 /* data6.csv */ = {isa = PBXFileReference; fileEncoding = 4; lastKnownFileType = text; path = data6.csv; sourceTree = "<group>"; };
		6C870CD027FD221D00D32705 /* data3.csv */ = {isa = PBXFileReference; fileEncoding = 4; lastKnownFileType = text; path = data3.csv; sourceTree = "<group>"; };
		6C870CD127FD221D00D32705 /* data4.csv */ = {isa = PBXFileReference; fileEncoding = 4; lastKnownFileType = text; path = data4.csv; sourceTree = "<group>"; };
		6C870CD227FD221D00D32705 /* data8.csv */ = {isa = PBXFileReference; fileEncoding = 4; lastKnownFileType = text; path = data8.csv; sourceTree = "<group>"; };
		6C870CD327FD221D00D32705 /* data10.csv */ = {isa = PBXFileReference; fileEncoding = 4; lastKnownFileType = text; path = data10.csv; sourceTree = "<group>"; };
		6C870CD427FD221D00D32705 /* data2.csv */ = {isa = PBXFileReference; fileEncoding = 4; lastKnownFileType = text; path = data2.csv; sourceTree = "<group>"; };
		6C870CD527FD221D00D32705 /* data9.csv */ = {isa = PBXFileReference; fileEncoding = 4; lastKnownFileType = text; path = data9.csv; sourceTree = "<group>"; };
		6C870CD627FD221D00D32705 /* data7.csv */ = {isa = PBXFileReference; fileEncoding = 4; lastKnownFileType = text; path = data7.csv; sourceTree = "<group>"; };
		6C870CD727FD221D00D32705 /* data5.csv */ = {isa = PBXFileReference; fileEncoding = 4; lastKnownFileType = text; path = data5.csv; sourceTree = "<group>"; };
		7EA53C8CDFD6FE8A52DB2C49 /* Pods-ECGv1Tests.debug.xcconfig */ = {isa = PBXFileReference; includeInIndex = 1; lastKnownFileType = text.xcconfig; name = "Pods-ECGv1Tests.debug.xcconfig"; path = "Target Support Files/Pods-ECGv1Tests/Pods-ECGv1Tests.debug.xcconfig"; sourceTree = "<group>"; };
		84629BB93B54C69EAAF0B36A /* Pods-ECGv1.debug.xcconfig */ = {isa = PBXFileReference; includeInIndex = 1; lastKnownFileType = text.xcconfig; name = "Pods-ECGv1.debug.xcconfig"; path = "Target Support Files/Pods-ECGv1/Pods-ECGv1.debug.xcconfig"; sourceTree = "<group>"; };
		E50356C736A02481892EE6D4 /* Pods-ECGv1.release.xcconfig */ = {isa = PBXFileReference; includeInIndex = 1; lastKnownFileType = text.xcconfig; name = "Pods-ECGv1.release.xcconfig"; path = "Target Support Files/Pods-ECGv1/Pods-ECGv1.release.xcconfig"; sourceTree = "<group>"; };
/* End PBXFileReference section */

/* Begin PBXFrameworksBuildPhase section */
		561471A527C4ECD7007D7F64 /* Frameworks */ = {
			isa = PBXFrameworksBuildPhase;
			buildActionMask = 2147483647;
			files = (
				6C870CC627E2539B00D32705 /* Numerics in Frameworks */,
				6C870CCE27EFB43D00D32705 /* LASwift in Frameworks */,
				6C870CCB27EE656000D32705 /* SwiftMatrix in Frameworks */,
				B4660F917D194A119A79789F /* Pods_ECGv1.framework in Frameworks */,
			);
			runOnlyForDeploymentPostprocessing = 0;
		};
		561471BB27C4ECD9007D7F64 /* Frameworks */ = {
			isa = PBXFrameworksBuildPhase;
			buildActionMask = 2147483647;
			files = (
				3572A414A3F2E547A44A99E6 /* Pods_ECGv1Tests.framework in Frameworks */,
			);
			runOnlyForDeploymentPostprocessing = 0;
		};
		561471C627C4ECD9007D7F64 /* Frameworks */ = {
			isa = PBXFrameworksBuildPhase;
			buildActionMask = 2147483647;
			files = (
				BC9260EAEBE7637607E80C3E /* Pods_ECGv1_ECGv1UITests.framework in Frameworks */,
			);
			runOnlyForDeploymentPostprocessing = 0;
		};
/* End PBXFrameworksBuildPhase section */

/* Begin PBXGroup section */
		5614719F27C4ECD7007D7F64 = {
			isa = PBXGroup;
			children = (
				561471AA27C4ECD7007D7F64 /* ECGv1 */,
				561471C127C4ECD9007D7F64 /* ECGv1Tests */,
				561471CC27C4ECD9007D7F64 /* ECGv1UITests */,
				561471A927C4ECD7007D7F64 /* Products */,
				AE5751C1F057073CE505EFB6 /* Pods */,
				9C209860D010074D49D1A3E5 /* Frameworks */,
			);
			sourceTree = "<group>";
		};
		561471A927C4ECD7007D7F64 /* Products */ = {
			isa = PBXGroup;
			children = (
				561471A827C4ECD7007D7F64 /* ECGv1.app */,
				561471BE27C4ECD9007D7F64 /* ECGv1Tests.xctest */,
				561471C927C4ECD9007D7F64 /* ECGv1UITests.xctest */,
			);
			name = Products;
			sourceTree = "<group>";
		};
		561471AA27C4ECD7007D7F64 /* ECGv1 */ = {
			isa = PBXGroup;
			children = (
				6C870CD427FD221D00D32705 /* data2.csv */,
				6C870CD027FD221D00D32705 /* data3.csv */,
				6C870CD127FD221D00D32705 /* data4.csv */,
				6C870CD727FD221D00D32705 /* data5.csv */,
				6C870CCF27FD221C00D32705 /* data6.csv */,
				6C870CD627FD221D00D32705 /* data7.csv */,
				6C870CD227FD221D00D32705 /* data8.csv */,
				6C870CD527FD221D00D32705 /* data9.csv */,
				6C870CD327FD221D00D32705 /* data10.csv */,
				6C87012C27E1534200D32705 /* data1.csv */,
				49E42E8127C5144600FB6DBB /* ArduPeripheral.swift */,
				561471AB27C4ECD7007D7F64 /* AppDelegate.swift */,
				561471AD27C4ECD7007D7F64 /* SceneDelegate.swift */,
				561471AF27C4ECD7007D7F64 /* ViewController.swift */,
				561471B127C4ECD7007D7F64 /* Main.storyboard */,
				561471B427C4ECD8007D7F64 /* Assets.xcassets */,
				561471B627C4ECD8007D7F64 /* LaunchScreen.storyboard */,
				561471B927C4ECD8007D7F64 /* Info.plist */,
				49EB944727C6C3C20010F366 /* BTQueue.swift */,
				6C870CC727EB8EFB00D32705 /* ECGAlgorithm.swift */,
			);
			path = ECGv1;
			sourceTree = "<group>";
		};
		561471C127C4ECD9007D7F64 /* ECGv1Tests */ = {
			isa = PBXGroup;
			children = (
				561471C227C4ECD9007D7F64 /* ECGv1Tests.swift */,
				561471C427C4ECD9007D7F64 /* Info.plist */,
			);
			path = ECGv1Tests;
			sourceTree = "<group>";
		};
		561471CC27C4ECD9007D7F64 /* ECGv1UITests */ = {
			isa = PBXGroup;
			children = (
				561471CD27C4ECD9007D7F64 /* ECGv1UITests.swift */,
				561471CF27C4ECD9007D7F64 /* Info.plist */,
			);
			path = ECGv1UITests;
			sourceTree = "<group>";
		};
		9C209860D010074D49D1A3E5 /* Frameworks */ = {
			isa = PBXGroup;
			children = (
				3428C7F7C71F8295C1AB6D19 /* Pods_ECGv1.framework */,
				62B3A9072B6197CC3C493922 /* Pods_ECGv1_ECGv1UITests.framework */,
				0AA36E2FEF9BC38BA7D39299 /* Pods_ECGv1Tests.framework */,
			);
			name = Frameworks;
			sourceTree = "<group>";
		};
		AE5751C1F057073CE505EFB6 /* Pods */ = {
			isa = PBXGroup;
			children = (
				84629BB93B54C69EAAF0B36A /* Pods-ECGv1.debug.xcconfig */,
				E50356C736A02481892EE6D4 /* Pods-ECGv1.release.xcconfig */,
				46242BDCD25F4F29F2C3F991 /* Pods-ECGv1-ECGv1UITests.debug.xcconfig */,
				6A03ACCBA4C02B3B1C390871 /* Pods-ECGv1-ECGv1UITests.release.xcconfig */,
				7EA53C8CDFD6FE8A52DB2C49 /* Pods-ECGv1Tests.debug.xcconfig */,
				467D6B63039E3511B941316B /* Pods-ECGv1Tests.release.xcconfig */,
			);
			path = Pods;
			sourceTree = "<group>";
		};
/* End PBXGroup section */

/* Begin PBXNativeTarget section */
		561471A727C4ECD7007D7F64 /* ECGv1 */ = {
			isa = PBXNativeTarget;
			buildConfigurationList = 561471D227C4ECD9007D7F64 /* Build configuration list for PBXNativeTarget "ECGv1" */;
			buildPhases = (
				1F2C95CE33CBCE724CD9542D /* [CP] Check Pods Manifest.lock */,
				561471A427C4ECD7007D7F64 /* Sources */,
				561471A527C4ECD7007D7F64 /* Frameworks */,
				561471A627C4ECD7007D7F64 /* Resources */,
				59361A85F6294FA307BD50F3 /* [CP] Embed Pods Frameworks */,
			);
			buildRules = (
			);
			dependencies = (
			);
			name = ECGv1;
			packageProductDependencies = (
				6C870CC527E2539B00D32705 /* Numerics */,
				6C870CCA27EE656000D32705 /* SwiftMatrix */,
				6C870CCD27EFB43D00D32705 /* LASwift */,
			);
			productName = ECGv1;
			productReference = 561471A827C4ECD7007D7F64 /* ECGv1.app */;
			productType = "com.apple.product-type.application";
		};
		561471BD27C4ECD9007D7F64 /* ECGv1Tests */ = {
			isa = PBXNativeTarget;
			buildConfigurationList = 561471D527C4ECD9007D7F64 /* Build configuration list for PBXNativeTarget "ECGv1Tests" */;
			buildPhases = (
				ED95DAFBD33F630B8504C474 /* [CP] Check Pods Manifest.lock */,
				561471BA27C4ECD9007D7F64 /* Sources */,
				561471BB27C4ECD9007D7F64 /* Frameworks */,
				561471BC27C4ECD9007D7F64 /* Resources */,
			);
			buildRules = (
			);
			dependencies = (
				561471C027C4ECD9007D7F64 /* PBXTargetDependency */,
			);
			name = ECGv1Tests;
			productName = ECGv1Tests;
			productReference = 561471BE27C4ECD9007D7F64 /* ECGv1Tests.xctest */;
			productType = "com.apple.product-type.bundle.unit-test";
		};
		561471C827C4ECD9007D7F64 /* ECGv1UITests */ = {
			isa = PBXNativeTarget;
			buildConfigurationList = 561471D827C4ECD9007D7F64 /* Build configuration list for PBXNativeTarget "ECGv1UITests" */;
			buildPhases = (
				532FFA09E4EAADB6BB4DB02F /* [CP] Check Pods Manifest.lock */,
				561471C527C4ECD9007D7F64 /* Sources */,
				561471C627C4ECD9007D7F64 /* Frameworks */,
				561471C727C4ECD9007D7F64 /* Resources */,
				E3BB24ACE7999E60179B3A65 /* [CP] Embed Pods Frameworks */,
			);
			buildRules = (
			);
			dependencies = (
				561471CB27C4ECD9007D7F64 /* PBXTargetDependency */,
			);
			name = ECGv1UITests;
			productName = ECGv1UITests;
			productReference = 561471C927C4ECD9007D7F64 /* ECGv1UITests.xctest */;
			productType = "com.apple.product-type.bundle.ui-testing";
		};
/* End PBXNativeTarget section */

/* Begin PBXProject section */
		561471A027C4ECD7007D7F64 /* Project object */ = {
			isa = PBXProject;
			attributes = {
				LastSwiftUpdateCheck = 1240;
				LastUpgradeCheck = 1240;
				TargetAttributes = {
					561471A727C4ECD7007D7F64 = {
						CreatedOnToolsVersion = 12.4;
						LastSwiftMigration = 1320;
					};
					561471BD27C4ECD9007D7F64 = {
						CreatedOnToolsVersion = 12.4;
						TestTargetID = 561471A727C4ECD7007D7F64;
					};
					561471C827C4ECD9007D7F64 = {
						CreatedOnToolsVersion = 12.4;
						TestTargetID = 561471A727C4ECD7007D7F64;
					};
				};
			};
			buildConfigurationList = 561471A327C4ECD7007D7F64 /* Build configuration list for PBXProject "ECGv1" */;
			compatibilityVersion = "Xcode 9.3";
			developmentRegion = en;
			hasScannedForEncodings = 0;
			knownRegions = (
				en,
				Base,
			);
			mainGroup = 5614719F27C4ECD7007D7F64;
			packageReferences = (
				6C870CC427E2539B00D32705 /* XCRemoteSwiftPackageReference "swift-numerics" */,
				6C870CC927EE656000D32705 /* XCRemoteSwiftPackageReference "SwiftMatrix" */,
				6C870CCC27EFB43D00D32705 /* XCRemoteSwiftPackageReference "LASwift" */,
			);
			productRefGroup = 561471A927C4ECD7007D7F64 /* Products */;
			projectDirPath = "";
			projectRoot = "";
			targets = (
				561471A727C4ECD7007D7F64 /* ECGv1 */,
				561471BD27C4ECD9007D7F64 /* ECGv1Tests */,
				561471C827C4ECD9007D7F64 /* ECGv1UITests */,
			);
		};
/* End PBXProject section */

/* Begin PBXResourcesBuildPhase section */
		561471A627C4ECD7007D7F64 /* Resources */ = {
			isa = PBXResourcesBuildPhase;
			buildActionMask = 2147483647;
			files = (
				6C870CDC27FD221D00D32705 /* data10.csv in Resources */,
				6C870CDD27FD221D00D32705 /* data2.csv in Resources */,
				561471B827C4ECD8007D7F64 /* LaunchScreen.storyboard in Resources */,
				6C87012D27E1534200D32705 /* data1.csv in Resources */,
				6C870CE027FD221D00D32705 /* data5.csv in Resources */,
				6C870CDF27FD221D00D32705 /* data7.csv in Resources */,
				561471B527C4ECD8007D7F64 /* Assets.xcassets in Resources */,
				6C870CDA27FD221D00D32705 /* data4.csv in Resources */,
				6C870CD827FD221D00D32705 /* data6.csv in Resources */,
				6C870CDB27FD221D00D32705 /* data8.csv in Resources */,
				6C870CDE27FD221D00D32705 /* data9.csv in Resources */,
				6C870CD927FD221D00D32705 /* data3.csv in Resources */,
				561471B327C4ECD7007D7F64 /* Main.storyboard in Resources */,
			);
			runOnlyForDeploymentPostprocessing = 0;
		};
		561471BC27C4ECD9007D7F64 /* Resources */ = {
			isa = PBXResourcesBuildPhase;
			buildActionMask = 2147483647;
			files = (
			);
			runOnlyForDeploymentPostprocessing = 0;
		};
		561471C727C4ECD9007D7F64 /* Resources */ = {
			isa = PBXResourcesBuildPhase;
			buildActionMask = 2147483647;
			files = (
			);
			runOnlyForDeploymentPostprocessing = 0;
		};
/* End PBXResourcesBuildPhase section */

/* Begin PBXShellScriptBuildPhase section */
		1F2C95CE33CBCE724CD9542D /* [CP] Check Pods Manifest.lock */ = {
			isa = PBXShellScriptBuildPhase;
			buildActionMask = 2147483647;
			files = (
			);
			inputFileListPaths = (
			);
			inputPaths = (
				"${PODS_PODFILE_DIR_PATH}/Podfile.lock",
				"${PODS_ROOT}/Manifest.lock",
			);
			name = "[CP] Check Pods Manifest.lock";
			outputFileListPaths = (
			);
			outputPaths = (
				"$(DERIVED_FILE_DIR)/Pods-ECGv1-checkManifestLockResult.txt",
			);
			runOnlyForDeploymentPostprocessing = 0;
			shellPath = /bin/sh;
			shellScript = "diff \"${PODS_PODFILE_DIR_PATH}/Podfile.lock\" \"${PODS_ROOT}/Manifest.lock\" > /dev/null\nif [ $? != 0 ] ; then\n    # print error to STDERR\n    echo \"error: The sandbox is not in sync with the Podfile.lock. Run 'pod install' or update your CocoaPods installation.\" >&2\n    exit 1\nfi\n# This output is used by Xcode 'outputs' to avoid re-running this script phase.\necho \"SUCCESS\" > \"${SCRIPT_OUTPUT_FILE_0}\"\n";
			showEnvVarsInLog = 0;
		};
		532FFA09E4EAADB6BB4DB02F /* [CP] Check Pods Manifest.lock */ = {
			isa = PBXShellScriptBuildPhase;
			buildActionMask = 2147483647;
			files = (
			);
			inputFileListPaths = (
			);
			inputPaths = (
				"${PODS_PODFILE_DIR_PATH}/Podfile.lock",
				"${PODS_ROOT}/Manifest.lock",
			);
			name = "[CP] Check Pods Manifest.lock";
			outputFileListPaths = (
			);
			outputPaths = (
				"$(DERIVED_FILE_DIR)/Pods-ECGv1-ECGv1UITests-checkManifestLockResult.txt",
			);
			runOnlyForDeploymentPostprocessing = 0;
			shellPath = /bin/sh;
			shellScript = "diff \"${PODS_PODFILE_DIR_PATH}/Podfile.lock\" \"${PODS_ROOT}/Manifest.lock\" > /dev/null\nif [ $? != 0 ] ; then\n    # print error to STDERR\n    echo \"error: The sandbox is not in sync with the Podfile.lock. Run 'pod install' or update your CocoaPods installation.\" >&2\n    exit 1\nfi\n# This output is used by Xcode 'outputs' to avoid re-running this script phase.\necho \"SUCCESS\" > \"${SCRIPT_OUTPUT_FILE_0}\"\n";
			showEnvVarsInLog = 0;
		};
		59361A85F6294FA307BD50F3 /* [CP] Embed Pods Frameworks */ = {
			isa = PBXShellScriptBuildPhase;
			buildActionMask = 2147483647;
			files = (
			);
			inputFileListPaths = (
				"${PODS_ROOT}/Target Support Files/Pods-ECGv1/Pods-ECGv1-frameworks-${CONFIGURATION}-input-files.xcfilelist",
			);
			name = "[CP] Embed Pods Frameworks";
			outputFileListPaths = (
				"${PODS_ROOT}/Target Support Files/Pods-ECGv1/Pods-ECGv1-frameworks-${CONFIGURATION}-output-files.xcfilelist",
			);
			runOnlyForDeploymentPostprocessing = 0;
			shellPath = /bin/sh;
			shellScript = "\"${PODS_ROOT}/Target Support Files/Pods-ECGv1/Pods-ECGv1-frameworks.sh\"\n";
			showEnvVarsInLog = 0;
		};
		E3BB24ACE7999E60179B3A65 /* [CP] Embed Pods Frameworks */ = {
			isa = PBXShellScriptBuildPhase;
			buildActionMask = 2147483647;
			files = (
			);
			inputFileListPaths = (
				"${PODS_ROOT}/Target Support Files/Pods-ECGv1-ECGv1UITests/Pods-ECGv1-ECGv1UITests-frameworks-${CONFIGURATION}-input-files.xcfilelist",
			);
			name = "[CP] Embed Pods Frameworks";
			outputFileListPaths = (
				"${PODS_ROOT}/Target Support Files/Pods-ECGv1-ECGv1UITests/Pods-ECGv1-ECGv1UITests-frameworks-${CONFIGURATION}-output-files.xcfilelist",
			);
			runOnlyForDeploymentPostprocessing = 0;
			shellPath = /bin/sh;
			shellScript = "\"${PODS_ROOT}/Target Support Files/Pods-ECGv1-ECGv1UITests/Pods-ECGv1-ECGv1UITests-frameworks.sh\"\n";
			showEnvVarsInLog = 0;
		};
		ED95DAFBD33F630B8504C474 /* [CP] Check Pods Manifest.lock */ = {
			isa = PBXShellScriptBuildPhase;
			buildActionMask = 2147483647;
			files = (
			);
			inputFileListPaths = (
			);
			inputPaths = (
				"${PODS_PODFILE_DIR_PATH}/Podfile.lock",
				"${PODS_ROOT}/Manifest.lock",
			);
			name = "[CP] Check Pods Manifest.lock";
			outputFileListPaths = (
			);
			outputPaths = (
				"$(DERIVED_FILE_DIR)/Pods-ECGv1Tests-checkManifestLockResult.txt",
			);
			runOnlyForDeploymentPostprocessing = 0;
			shellPath = /bin/sh;
			shellScript = "diff \"${PODS_PODFILE_DIR_PATH}/Podfile.lock\" \"${PODS_ROOT}/Manifest.lock\" > /dev/null\nif [ $? != 0 ] ; then\n    # print error to STDERR\n    echo \"error: The sandbox is not in sync with the Podfile.lock. Run 'pod install' or update your CocoaPods installation.\" >&2\n    exit 1\nfi\n# This output is used by Xcode 'outputs' to avoid re-running this script phase.\necho \"SUCCESS\" > \"${SCRIPT_OUTPUT_FILE_0}\"\n";
			showEnvVarsInLog = 0;
		};
/* End PBXShellScriptBuildPhase section */

/* Begin PBXSourcesBuildPhase section */
		561471A427C4ECD7007D7F64 /* Sources */ = {
			isa = PBXSourcesBuildPhase;
			buildActionMask = 2147483647;
			files = (
				561471B027C4ECD7007D7F64 /* ViewController.swift in Sources */,
				561471AC27C4ECD7007D7F64 /* AppDelegate.swift in Sources */,
				561471AE27C4ECD7007D7F64 /* SceneDelegate.swift in Sources */,
				49EB944827C6C3C20010F366 /* BTQueue.swift in Sources */,
				6C870CC827EB8EFB00D32705 /* ECGAlgorithm.swift in Sources */,
				49E42E8227C5144700FB6DBB /* ArduPeripheral.swift in Sources */,
			);
			runOnlyForDeploymentPostprocessing = 0;
		};
		561471BA27C4ECD9007D7F64 /* Sources */ = {
			isa = PBXSourcesBuildPhase;
			buildActionMask = 2147483647;
			files = (
				561471C327C4ECD9007D7F64 /* ECGv1Tests.swift in Sources */,
			);
			runOnlyForDeploymentPostprocessing = 0;
		};
		561471C527C4ECD9007D7F64 /* Sources */ = {
			isa = PBXSourcesBuildPhase;
			buildActionMask = 2147483647;
			files = (
				561471CE27C4ECD9007D7F64 /* ECGv1UITests.swift in Sources */,
			);
			runOnlyForDeploymentPostprocessing = 0;
		};
/* End PBXSourcesBuildPhase section */

/* Begin PBXTargetDependency section */
		561471C027C4ECD9007D7F64 /* PBXTargetDependency */ = {
			isa = PBXTargetDependency;
			target = 561471A727C4ECD7007D7F64 /* ECGv1 */;
			targetProxy = 561471BF27C4ECD9007D7F64 /* PBXContainerItemProxy */;
		};
		561471CB27C4ECD9007D7F64 /* PBXTargetDependency */ = {
			isa = PBXTargetDependency;
			target = 561471A727C4ECD7007D7F64 /* ECGv1 */;
			targetProxy = 561471CA27C4ECD9007D7F64 /* PBXContainerItemProxy */;
		};
/* End PBXTargetDependency section */

/* Begin PBXVariantGroup section */
		561471B127C4ECD7007D7F64 /* Main.storyboard */ = {
			isa = PBXVariantGroup;
			children = (
				561471B227C4ECD7007D7F64 /* Base */,
			);
			name = Main.storyboard;
			sourceTree = "<group>";
		};
		561471B627C4ECD8007D7F64 /* LaunchScreen.storyboard */ = {
			isa = PBXVariantGroup;
			children = (
				561471B727C4ECD8007D7F64 /* Base */,
			);
			name = LaunchScreen.storyboard;
			sourceTree = "<group>";
		};
/* End PBXVariantGroup section */

/* Begin XCBuildConfiguration section */
		561471D027C4ECD9007D7F64 /* Debug */ = {
			isa = XCBuildConfiguration;
			buildSettings = {
				ALWAYS_SEARCH_USER_PATHS = NO;
				CLANG_ANALYZER_NONNULL = YES;
				CLANG_ANALYZER_NUMBER_OBJECT_CONVERSION = YES_AGGRESSIVE;
				CLANG_CXX_LANGUAGE_STANDARD = "gnu++14";
				CLANG_CXX_LIBRARY = "libc++";
				CLANG_ENABLE_MODULES = YES;
				CLANG_ENABLE_OBJC_ARC = YES;
				CLANG_ENABLE_OBJC_WEAK = YES;
				CLANG_WARN_BLOCK_CAPTURE_AUTORELEASING = YES;
				CLANG_WARN_BOOL_CONVERSION = YES;
				CLANG_WARN_COMMA = YES;
				CLANG_WARN_CONSTANT_CONVERSION = YES;
				CLANG_WARN_DEPRECATED_OBJC_IMPLEMENTATIONS = YES;
				CLANG_WARN_DIRECT_OBJC_ISA_USAGE = YES_ERROR;
				CLANG_WARN_DOCUMENTATION_COMMENTS = YES;
				CLANG_WARN_EMPTY_BODY = YES;
				CLANG_WARN_ENUM_CONVERSION = YES;
				CLANG_WARN_INFINITE_RECURSION = YES;
				CLANG_WARN_INT_CONVERSION = YES;
				CLANG_WARN_NON_LITERAL_NULL_CONVERSION = YES;
				CLANG_WARN_OBJC_IMPLICIT_RETAIN_SELF = YES;
				CLANG_WARN_OBJC_LITERAL_CONVERSION = YES;
				CLANG_WARN_OBJC_ROOT_CLASS = YES_ERROR;
				CLANG_WARN_QUOTED_INCLUDE_IN_FRAMEWORK_HEADER = YES;
				CLANG_WARN_RANGE_LOOP_ANALYSIS = YES;
				CLANG_WARN_STRICT_PROTOTYPES = YES;
				CLANG_WARN_SUSPICIOUS_MOVE = YES;
				CLANG_WARN_UNGUARDED_AVAILABILITY = YES_AGGRESSIVE;
				CLANG_WARN_UNREACHABLE_CODE = YES;
				CLANG_WARN__DUPLICATE_METHOD_MATCH = YES;
				COPY_PHASE_STRIP = NO;
				DEBUG_INFORMATION_FORMAT = dwarf;
				ENABLE_STRICT_OBJC_MSGSEND = YES;
				ENABLE_TESTABILITY = YES;
				GCC_C_LANGUAGE_STANDARD = gnu11;
				GCC_DYNAMIC_NO_PIC = NO;
				GCC_NO_COMMON_BLOCKS = YES;
				GCC_OPTIMIZATION_LEVEL = 0;
				GCC_PREPROCESSOR_DEFINITIONS = (
					"DEBUG=1",
					"$(inherited)",
				);
				GCC_WARN_64_TO_32_BIT_CONVERSION = YES;
				GCC_WARN_ABOUT_RETURN_TYPE = YES_ERROR;
				GCC_WARN_UNDECLARED_SELECTOR = YES;
				GCC_WARN_UNINITIALIZED_AUTOS = YES_AGGRESSIVE;
				GCC_WARN_UNUSED_FUNCTION = YES;
				GCC_WARN_UNUSED_VARIABLE = YES;
				IPHONEOS_DEPLOYMENT_TARGET = 14.4;
				MTL_ENABLE_DEBUG_INFO = INCLUDE_SOURCE;
				MTL_FAST_MATH = YES;
				ONLY_ACTIVE_ARCH = YES;
				SDKROOT = iphoneos;
				SWIFT_ACTIVE_COMPILATION_CONDITIONS = DEBUG;
				SWIFT_OPTIMIZATION_LEVEL = "-Onone";
			};
			name = Debug;
		};
		561471D127C4ECD9007D7F64 /* Release */ = {
			isa = XCBuildConfiguration;
			buildSettings = {
				ALWAYS_SEARCH_USER_PATHS = NO;
				CLANG_ANALYZER_NONNULL = YES;
				CLANG_ANALYZER_NUMBER_OBJECT_CONVERSION = YES_AGGRESSIVE;
				CLANG_CXX_LANGUAGE_STANDARD = "gnu++14";
				CLANG_CXX_LIBRARY = "libc++";
				CLANG_ENABLE_MODULES = YES;
				CLANG_ENABLE_OBJC_ARC = YES;
				CLANG_ENABLE_OBJC_WEAK = YES;
				CLANG_WARN_BLOCK_CAPTURE_AUTORELEASING = YES;
				CLANG_WARN_BOOL_CONVERSION = YES;
				CLANG_WARN_COMMA = YES;
				CLANG_WARN_CONSTANT_CONVERSION = YES;
				CLANG_WARN_DEPRECATED_OBJC_IMPLEMENTATIONS = YES;
				CLANG_WARN_DIRECT_OBJC_ISA_USAGE = YES_ERROR;
				CLANG_WARN_DOCUMENTATION_COMMENTS = YES;
				CLANG_WARN_EMPTY_BODY = YES;
				CLANG_WARN_ENUM_CONVERSION = YES;
				CLANG_WARN_INFINITE_RECURSION = YES;
				CLANG_WARN_INT_CONVERSION = YES;
				CLANG_WARN_NON_LITERAL_NULL_CONVERSION = YES;
				CLANG_WARN_OBJC_IMPLICIT_RETAIN_SELF = YES;
				CLANG_WARN_OBJC_LITERAL_CONVERSION = YES;
				CLANG_WARN_OBJC_ROOT_CLASS = YES_ERROR;
				CLANG_WARN_QUOTED_INCLUDE_IN_FRAMEWORK_HEADER = YES;
				CLANG_WARN_RANGE_LOOP_ANALYSIS = YES;
				CLANG_WARN_STRICT_PROTOTYPES = YES;
				CLANG_WARN_SUSPICIOUS_MOVE = YES;
				CLANG_WARN_UNGUARDED_AVAILABILITY = YES_AGGRESSIVE;
				CLANG_WARN_UNREACHABLE_CODE = YES;
				CLANG_WARN__DUPLICATE_METHOD_MATCH = YES;
				COPY_PHASE_STRIP = NO;
				DEBUG_INFORMATION_FORMAT = "dwarf-with-dsym";
				ENABLE_NS_ASSERTIONS = NO;
				ENABLE_STRICT_OBJC_MSGSEND = YES;
				GCC_C_LANGUAGE_STANDARD = gnu11;
				GCC_NO_COMMON_BLOCKS = YES;
				GCC_WARN_64_TO_32_BIT_CONVERSION = YES;
				GCC_WARN_ABOUT_RETURN_TYPE = YES_ERROR;
				GCC_WARN_UNDECLARED_SELECTOR = YES;
				GCC_WARN_UNINITIALIZED_AUTOS = YES_AGGRESSIVE;
				GCC_WARN_UNUSED_FUNCTION = YES;
				GCC_WARN_UNUSED_VARIABLE = YES;
				IPHONEOS_DEPLOYMENT_TARGET = 14.4;
				MTL_ENABLE_DEBUG_INFO = NO;
				MTL_FAST_MATH = YES;
				SDKROOT = iphoneos;
				SWIFT_COMPILATION_MODE = wholemodule;
				SWIFT_OPTIMIZATION_LEVEL = "-O";
				VALIDATE_PRODUCT = YES;
			};
			name = Release;
		};
		561471D327C4ECD9007D7F64 /* Debug */ = {
			isa = XCBuildConfiguration;
			baseConfigurationReference = 84629BB93B54C69EAAF0B36A /* Pods-ECGv1.debug.xcconfig */;
			buildSettings = {
				ASSETCATALOG_COMPILER_APPICON_NAME = AppIcon;
				ASSETCATALOG_COMPILER_GLOBAL_ACCENT_COLOR_NAME = AccentColor;
				CLANG_ENABLE_MODULES = YES;
				CODE_SIGN_STYLE = Automatic;
				DEVELOPMENT_TEAM = N95H4RJH73;
				INFOPLIST_FILE = ECGv1/Info.plist;
				IPHONEOS_DEPLOYMENT_TARGET = 14.4;
				LD_RUNPATH_SEARCH_PATHS = (
					"$(inherited)",
					"@executable_path/Frameworks",
				);
				PRODUCT_BUNDLE_IDENTIFIER = com.bobbyrouse.ECGv1;
				PRODUCT_NAME = "$(TARGET_NAME)";
				SWIFT_OBJC_BRIDGING_HEADER = "";
				SWIFT_OPTIMIZATION_LEVEL = "-Onone";
				SWIFT_VERSION = 5.0;
				TARGETED_DEVICE_FAMILY = "1,2";
			};
			name = Debug;
		};
		561471D427C4ECD9007D7F64 /* Release */ = {
			isa = XCBuildConfiguration;
			baseConfigurationReference = E50356C736A02481892EE6D4 /* Pods-ECGv1.release.xcconfig */;
			buildSettings = {
				ASSETCATALOG_COMPILER_APPICON_NAME = AppIcon;
				ASSETCATALOG_COMPILER_GLOBAL_ACCENT_COLOR_NAME = AccentColor;
				CLANG_ENABLE_MODULES = YES;
				CODE_SIGN_STYLE = Automatic;
				DEVELOPMENT_TEAM = N95H4RJH73;
				INFOPLIST_FILE = ECGv1/Info.plist;
				IPHONEOS_DEPLOYMENT_TARGET = 14.4;
				LD_RUNPATH_SEARCH_PATHS = (
					"$(inherited)",
					"@executable_path/Frameworks",
				);
				PRODUCT_BUNDLE_IDENTIFIER = com.bobbyrouse.ECGv1;
				PRODUCT_NAME = "$(TARGET_NAME)";
				SWIFT_OBJC_BRIDGING_HEADER = "";
				SWIFT_VERSION = 5.0;
				TARGETED_DEVICE_FAMILY = "1,2";
			};
			name = Release;
		};
		561471D627C4ECD9007D7F64 /* Debug */ = {
			isa = XCBuildConfiguration;
			baseConfigurationReference = 7EA53C8CDFD6FE8A52DB2C49 /* Pods-ECGv1Tests.debug.xcconfig */;
			buildSettings = {
				ALWAYS_EMBED_SWIFT_STANDARD_LIBRARIES = YES;
				BUNDLE_LOADER = "$(TEST_HOST)";
				CODE_SIGN_STYLE = Automatic;
				INFOPLIST_FILE = ECGv1Tests/Info.plist;
				IPHONEOS_DEPLOYMENT_TARGET = 14.4;
				LD_RUNPATH_SEARCH_PATHS = (
					"$(inherited)",
					"@executable_path/Frameworks",
					"@loader_path/Frameworks",
				);
				PRODUCT_BUNDLE_IDENTIFIER = com.bobbyrouse.ECGv1Tests;
				PRODUCT_NAME = "$(TARGET_NAME)";
				SWIFT_VERSION = 5.0;
				TARGETED_DEVICE_FAMILY = "1,2";
				TEST_HOST = "$(BUILT_PRODUCTS_DIR)/ECGv1.app/ECGv1";
			};
			name = Debug;
		};
		561471D727C4ECD9007D7F64 /* Release */ = {
			isa = XCBuildConfiguration;
			baseConfigurationReference = 467D6B63039E3511B941316B /* Pods-ECGv1Tests.release.xcconfig */;
			buildSettings = {
				ALWAYS_EMBED_SWIFT_STANDARD_LIBRARIES = YES;
				BUNDLE_LOADER = "$(TEST_HOST)";
				CODE_SIGN_STYLE = Automatic;
				INFOPLIST_FILE = ECGv1Tests/Info.plist;
				IPHONEOS_DEPLOYMENT_TARGET = 14.4;
				LD_RUNPATH_SEARCH_PATHS = (
					"$(inherited)",
					"@executable_path/Frameworks",
					"@loader_path/Frameworks",
				);
				PRODUCT_BUNDLE_IDENTIFIER = com.bobbyrouse.ECGv1Tests;
				PRODUCT_NAME = "$(TARGET_NAME)";
				SWIFT_VERSION = 5.0;
				TARGETED_DEVICE_FAMILY = "1,2";
				TEST_HOST = "$(BUILT_PRODUCTS_DIR)/ECGv1.app/ECGv1";
			};
			name = Release;
		};
		561471D927C4ECD9007D7F64 /* Debug */ = {
			isa = XCBuildConfiguration;
			baseConfigurationReference = 46242BDCD25F4F29F2C3F991 /* Pods-ECGv1-ECGv1UITests.debug.xcconfig */;
			buildSettings = {
				ALWAYS_EMBED_SWIFT_STANDARD_LIBRARIES = YES;
				CODE_SIGN_STYLE = Automatic;
				INFOPLIST_FILE = ECGv1UITests/Info.plist;
				LD_RUNPATH_SEARCH_PATHS = (
					"$(inherited)",
					"@executable_path/Frameworks",
					"@loader_path/Frameworks",
				);
				PRODUCT_BUNDLE_IDENTIFIER = com.bobbyrouse.ECGv1UITests;
				PRODUCT_NAME = "$(TARGET_NAME)";
				SWIFT_VERSION = 5.0;
				TARGETED_DEVICE_FAMILY = "1,2";
				TEST_TARGET_NAME = ECGv1;
			};
			name = Debug;
		};
		561471DA27C4ECD9007D7F64 /* Release */ = {
			isa = XCBuildConfiguration;
			baseConfigurationReference = 6A03ACCBA4C02B3B1C390871 /* Pods-ECGv1-ECGv1UITests.release.xcconfig */;
			buildSettings = {
				ALWAYS_EMBED_SWIFT_STANDARD_LIBRARIES = YES;
				CODE_SIGN_STYLE = Automatic;
				INFOPLIST_FILE = ECGv1UITests/Info.plist;
				LD_RUNPATH_SEARCH_PATHS = (
					"$(inherited)",
					"@executable_path/Frameworks",
					"@loader_path/Frameworks",
				);
				PRODUCT_BUNDLE_IDENTIFIER = com.bobbyrouse.ECGv1UITests;
				PRODUCT_NAME = "$(TARGET_NAME)";
				SWIFT_VERSION = 5.0;
				TARGETED_DEVICE_FAMILY = "1,2";
				TEST_TARGET_NAME = ECGv1;
			};
			name = Release;
		};
/* End XCBuildConfiguration section */

/* Begin XCConfigurationList section */
		561471A327C4ECD7007D7F64 /* Build configuration list for PBXProject "ECGv1" */ = {
			isa = XCConfigurationList;
			buildConfigurations = (
				561471D027C4ECD9007D7F64 /* Debug */,
				561471D127C4ECD9007D7F64 /* Release */,
			);
			defaultConfigurationIsVisible = 0;
			defaultConfigurationName = Release;
		};
		561471D227C4ECD9007D7F64 /* Build configuration list for PBXNativeTarget "ECGv1" */ = {
			isa = XCConfigurationList;
			buildConfigurations = (
				561471D327C4ECD9007D7F64 /* Debug */,
				561471D427C4ECD9007D7F64 /* Release */,
			);
			defaultConfigurationIsVisible = 0;
			defaultConfigurationName = Release;
		};
		561471D527C4ECD9007D7F64 /* Build configuration list for PBXNativeTarget "ECGv1Tests" */ = {
			isa = XCConfigurationList;
			buildConfigurations = (
				561471D627C4ECD9007D7F64 /* Debug */,
				561471D727C4ECD9007D7F64 /* Release */,
			);
			defaultConfigurationIsVisible = 0;
			defaultConfigurationName = Release;
		};
		561471D827C4ECD9007D7F64 /* Build configuration list for PBXNativeTarget "ECGv1UITests" */ = {
			isa = XCConfigurationList;
			buildConfigurations = (
				561471D927C4ECD9007D7F64 /* Debug */,
				561471DA27C4ECD9007D7F64 /* Release */,
			);
			defaultConfigurationIsVisible = 0;
			defaultConfigurationName = Release;
		};
/* End XCConfigurationList section */

/* Begin XCRemoteSwiftPackageReference section */
		6C870CC427E2539B00D32705 /* XCRemoteSwiftPackageReference "swift-numerics" */ = {
			isa = XCRemoteSwiftPackageReference;
			repositoryURL = "https://github.com/apple/swift-numerics.git";
			requirement = {
				kind = upToNextMajorVersion;
				minimumVersion = 1.0.0;
			};
		};
		6C870CC927EE656000D32705 /* XCRemoteSwiftPackageReference "SwiftMatrix" */ = {
			isa = XCRemoteSwiftPackageReference;
			repositoryURL = "https://github.com/theolternative/SwiftMatrix";
			requirement = {
				branch = main;
				kind = branch;
			};
		};
		6C870CCC27EFB43D00D32705 /* XCRemoteSwiftPackageReference "LASwift" */ = {
			isa = XCRemoteSwiftPackageReference;
			repositoryURL = "https://github.com/AlexanderTar/LASwift.git";
			requirement = {
				kind = upToNextMajorVersion;
				minimumVersion = 0.2.5;
			};
		};
/* End XCRemoteSwiftPackageReference section */

/* Begin XCSwiftPackageProductDependency section */
		6C870CC527E2539B00D32705 /* Numerics */ = {
			isa = XCSwiftPackageProductDependency;
			package = 6C870CC427E2539B00D32705 /* XCRemoteSwiftPackageReference "swift-numerics" */;
			productName = Numerics;
		};
		6C870CCA27EE656000D32705 /* SwiftMatrix */ = {
			isa = XCSwiftPackageProductDependency;
			package = 6C870CC927EE656000D32705 /* XCRemoteSwiftPackageReference "SwiftMatrix" */;
			productName = SwiftMatrix;
		};
		6C870CCD27EFB43D00D32705 /* LASwift */ = {
			isa = XCSwiftPackageProductDependency;
			package = 6C870CCC27EFB43D00D32705 /* XCRemoteSwiftPackageReference "LASwift" */;
			productName = LASwift;
		};
/* End XCSwiftPackageProductDependency section */
	};
	rootObject = 561471A027C4ECD7007D7F64 /* Project object */;
}
