{
  "pins" : [
    {
      "identity" : "laswift",
      "kind" : "remoteSourceControl",
      "location" : "https://github.com/AlexanderTar/LASwift.git",
      "state" : {
        "revision" : "34bba6eaac5c030aa065f255e4392d2d8cc41ba5",
        "version" : "0.2.5"
      }
    },
    {
      "identity" : "nimble",
      "kind" : "remoteSourceControl",
      "location" : "https://github.com/Quick/Nimble.git",
      "state" : {
        "revision" : "7a46a5fc86cb917f69e3daf79fcb045283d8f008",
        "version" : "8.1.2"
      }
    },
    {
      "identity" : "quick",
      "kind" : "remoteSourceControl",
      "location" : "https://github.com/Quick/Quick.git",
      "state" : {
        "revision" : "09b3becb37cb2163919a3842a4c5fa6ec7130792",
        "version" : "2.2.1"
      }
    },
    {
      "identity" : "swift-numerics",
      "kind" : "remoteSourceControl",
      "location" : "https://github.com/apple/swift-numerics.git",
      "state" : {
        "revision" : "0a5bc04095a675662cf24757cc0640aa2204253b",
        "version" : "1.0.2"
      }
    },
    {
      "identity" : "swiftmatrix",
      "kind" : "remoteSourceControl",
      "location" : "https://github.com/theolternative/SwiftMatrix",
      "state" : {
        "branch" : "main",
        "revision" : "f9b3fb8e86c80addd5dfddeda143695b44c15db4"
      }
    }
  ],
  "version" : 2
}
